// !$*UTF8*$!
{
	archiveVersion = 1;
	classes = {
	};
	objectVersion = 48;
	objects = {

/* Begin PBXBuildFile section */
		39B74CC31FCE4E810037D263 /* AppDelegate.swift in Sources */ = {isa = PBXBuildFile; fileRef = 39B74CC21FCE4E810037D263 /* AppDelegate.swift */; };
		39B74CC51FCE4E810037D263 /* ViewController.swift in Sources */ = {isa = PBXBuildFile; fileRef = 39B74CC41FCE4E810037D263 /* ViewController.swift */; };
		39B74CC81FCE4E810037D263 /* Main.storyboard in Resources */ = {isa = PBXBuildFile; fileRef = 39B74CC61FCE4E810037D263 /* Main.storyboard */; };
		39B74CCA1FCE4E810037D263 /* Assets.xcassets in Resources */ = {isa = PBXBuildFile; fileRef = 39B74CC91FCE4E810037D263 /* Assets.xcassets */; };
		39B74CCD1FCE4E810037D263 /* LaunchScreen.storyboard in Resources */ = {isa = PBXBuildFile; fileRef = 39B74CCB1FCE4E810037D263 /* LaunchScreen.storyboard */; };
		39B74CD51FCE505B0037D263 /* AlamofireHelper.swift in Sources */ = {isa = PBXBuildFile; fileRef = 39B74CD41FCE505B0037D263 /* AlamofireHelper.swift */; };
		39B74CD71FCE50AA0037D263 /* API.swift in Sources */ = {isa = PBXBuildFile; fileRef = 39B74CD61FCE50AA0037D263 /* API.swift */; };
		5A56E977369C602C8B0F2BFB /* Pods_BCPlan_iOS.framework in Frameworks */ = {isa = PBXBuildFile; fileRef = ED7A94DFC478439CF1C7147F /* Pods_BCPlan_iOS.framework */; };
/* End PBXBuildFile section */

/* Begin PBXFileReference section */
		248D276D9B3C8FD491EC4B6E /* Pods-BCPlan-iOS.release.xcconfig */ = {isa = PBXFileReference; includeInIndex = 1; lastKnownFileType = text.xcconfig; name = "Pods-BCPlan-iOS.release.xcconfig"; path = "Pods/Target Support Files/Pods-BCPlan-iOS/Pods-BCPlan-iOS.release.xcconfig"; sourceTree = "<group>"; };
		39B74CBF1FCE4E810037D263 /* BCPlan-iOS.app */ = {isa = PBXFileReference; explicitFileType = wrapper.application; includeInIndex = 0; path = "BCPlan-iOS.app"; sourceTree = BUILT_PRODUCTS_DIR; };
		39B74CC21FCE4E810037D263 /* AppDelegate.swift */ = {isa = PBXFileReference; lastKnownFileType = sourcecode.swift; path = AppDelegate.swift; sourceTree = "<group>"; };
		39B74CC41FCE4E810037D263 /* ViewController.swift */ = {isa = PBXFileReference; lastKnownFileType = sourcecode.swift; path = ViewController.swift; sourceTree = "<group>"; };
		39B74CC71FCE4E810037D263 /* Base */ = {isa = PBXFileReference; lastKnownFileType = file.storyboard; name = Base; path = Base.lproj/Main.storyboard; sourceTree = "<group>"; };
		39B74CC91FCE4E810037D263 /* Assets.xcassets */ = {isa = PBXFileReference; lastKnownFileType = folder.assetcatalog; path = Assets.xcassets; sourceTree = "<group>"; };
		39B74CCC1FCE4E810037D263 /* Base */ = {isa = PBXFileReference; lastKnownFileType = file.storyboard; name = Base; path = Base.lproj/LaunchScreen.storyboard; sourceTree = "<group>"; };
		39B74CCE1FCE4E810037D263 /* Info.plist */ = {isa = PBXFileReference; lastKnownFileType = text.plist.xml; path = Info.plist; sourceTree = "<group>"; };
		39B74CD41FCE505B0037D263 /* AlamofireHelper.swift */ = {isa = PBXFileReference; lastKnownFileType = sourcecode.swift; path = AlamofireHelper.swift; sourceTree = "<group>"; };
		39B74CD61FCE50AA0037D263 /* API.swift */ = {isa = PBXFileReference; lastKnownFileType = sourcecode.swift; path = API.swift; sourceTree = "<group>"; };
		6FDF4A454B1C74CB174620DC /* Pods-BCPlan-iOS.debug.xcconfig */ = {isa = PBXFileReference; includeInIndex = 1; lastKnownFileType = text.xcconfig; name = "Pods-BCPlan-iOS.debug.xcconfig"; path = "Pods/Target Support Files/Pods-BCPlan-iOS/Pods-BCPlan-iOS.debug.xcconfig"; sourceTree = "<group>"; };
		ED7A94DFC478439CF1C7147F /* Pods_BCPlan_iOS.framework */ = {isa = PBXFileReference; explicitFileType = wrapper.framework; includeInIndex = 0; path = Pods_BCPlan_iOS.framework; sourceTree = BUILT_PRODUCTS_DIR; };
/* End PBXFileReference section */

/* Begin PBXFrameworksBuildPhase section */
		39B74CBC1FCE4E810037D263 /* Frameworks */ = {
			isa = PBXFrameworksBuildPhase;
			buildActionMask = 2147483647;
			files = (
				5A56E977369C602C8B0F2BFB /* Pods_BCPlan_iOS.framework in Frameworks */,
			);
			runOnlyForDeploymentPostprocessing = 0;
		};
/* End PBXFrameworksBuildPhase section */

/* Begin PBXGroup section */
		39B74CB61FCE4E810037D263 = {
			isa = PBXGroup;
			children = (
				39B74CC11FCE4E810037D263 /* BCPlan-iOS */,
				39B74CC01FCE4E810037D263 /* Products */,
				9EA6A0D6BE429E34806B52D9 /* Pods */,
				D56A8DBC5EBD72A5C637FC4C /* Frameworks */,
			);
			sourceTree = "<group>";
		};
		39B74CC01FCE4E810037D263 /* Products */ = {
			isa = PBXGroup;
			children = (
				39B74CBF1FCE4E810037D263 /* BCPlan-iOS.app */,
			);
			name = Products;
			sourceTree = "<group>";
		};
		39B74CC11FCE4E810037D263 /* BCPlan-iOS */ = {
			isa = PBXGroup;
			children = (
				39B74CD81FCE50B00037D263 /* Helpers */,
				39B74CDA1FCE50C80037D263 /* Misc */,
				39B74CD91FCE50B60037D263 /* View Controllers */,
				39B74CDB1FCE50CE0037D263 /* Storyboards */,
			);
			path = "BCPlan-iOS";
			sourceTree = "<group>";
		};
		39B74CD81FCE50B00037D263 /* Helpers */ = {
			isa = PBXGroup;
			children = (
				39B74CD41FCE505B0037D263 /* AlamofireHelper.swift */,
				39B74CD61FCE50AA0037D263 /* API.swift */,
			);
			path = Helpers;
			sourceTree = "<group>";
		};
		39B74CD91FCE50B60037D263 /* View Controllers */ = {
			isa = PBXGroup;
			children = (
				39B74CC41FCE4E810037D263 /* ViewController.swift */,
			);
			path = "View Controllers";
			sourceTree = "<group>";
		};
		39B74CDA1FCE50C80037D263 /* Misc */ = {
			isa = PBXGroup;
			children = (
				39B74CC21FCE4E810037D263 /* AppDelegate.swift */,
				39B74CC91FCE4E810037D263 /* Assets.xcassets */,
				39B74CCB1FCE4E810037D263 /* LaunchScreen.storyboard */,
				39B74CCE1FCE4E810037D263 /* Info.plist */,
			);
			path = Misc;
			sourceTree = "<group>";
		};
		39B74CDB1FCE50CE0037D263 /* Storyboards */ = {
			isa = PBXGroup;
			children = (
				39B74CC61FCE4E810037D263 /* Main.storyboard */,
			);
			path = Storyboards;
			sourceTree = "<group>";
		};
		9EA6A0D6BE429E34806B52D9 /* Pods */ = {
			isa = PBXGroup;
			children = (
				6FDF4A454B1C74CB174620DC /* Pods-BCPlan-iOS.debug.xcconfig */,
				248D276D9B3C8FD491EC4B6E /* Pods-BCPlan-iOS.release.xcconfig */,
			);
			name = Pods;
			sourceTree = "<group>";
		};
		D56A8DBC5EBD72A5C637FC4C /* Frameworks */ = {
			isa = PBXGroup;
			children = (
				ED7A94DFC478439CF1C7147F /* Pods_BCPlan_iOS.framework */,
			);
			name = Frameworks;
			sourceTree = "<group>";
		};
/* End PBXGroup section */

/* Begin PBXNativeTarget section */
		39B74CBE1FCE4E810037D263 /* BCPlan-iOS */ = {
			isa = PBXNativeTarget;
			buildConfigurationList = 39B74CD11FCE4E810037D263 /* Build configuration list for PBXNativeTarget "BCPlan-iOS" */;
			buildPhases = (
				7E5833CF7CA6EDF0091FC54F /* [CP] Check Pods Manifest.lock */,
				39B74CBB1FCE4E810037D263 /* Sources */,
				39B74CBC1FCE4E810037D263 /* Frameworks */,
				39B74CBD1FCE4E810037D263 /* Resources */,
				9410CA4CB05626E910B24171 /* [CP] Embed Pods Frameworks */,
				994D002EEBB4272262B68FB0 /* [CP] Copy Pods Resources */,
			);
			buildRules = (
			);
			dependencies = (
			);
			name = "BCPlan-iOS";
			productName = "BCPlan-iOS";
			productReference = 39B74CBF1FCE4E810037D263 /* BCPlan-iOS.app */;
			productType = "com.apple.product-type.application";
		};
/* End PBXNativeTarget section */

/* Begin PBXProject section */
		39B74CB71FCE4E810037D263 /* Project object */ = {
			isa = PBXProject;
			attributes = {
				LastSwiftUpdateCheck = 0910;
				LastUpgradeCheck = 0910;
				ORGANIZATIONNAME = "162 LLC";
				TargetAttributes = {
					39B74CBE1FCE4E810037D263 = {
						CreatedOnToolsVersion = 9.1;
						ProvisioningStyle = Automatic;
					};
				};
			};
			buildConfigurationList = 39B74CBA1FCE4E810037D263 /* Build configuration list for PBXProject "BCPlan-iOS" */;
			compatibilityVersion = "Xcode 8.0";
			developmentRegion = en;
			hasScannedForEncodings = 0;
			knownRegions = (
				en,
				Base,
			);
			mainGroup = 39B74CB61FCE4E810037D263;
			productRefGroup = 39B74CC01FCE4E810037D263 /* Products */;
			projectDirPath = "";
			projectRoot = "";
			targets = (
				39B74CBE1FCE4E810037D263 /* BCPlan-iOS */,
			);
		};
/* End PBXProject section */

/* Begin PBXResourcesBuildPhase section */
		39B74CBD1FCE4E810037D263 /* Resources */ = {
			isa = PBXResourcesBuildPhase;
			buildActionMask = 2147483647;
			files = (
				39B74CCD1FCE4E810037D263 /* LaunchScreen.storyboard in Resources */,
				39B74CCA1FCE4E810037D263 /* Assets.xcassets in Resources */,
				39B74CC81FCE4E810037D263 /* Main.storyboard in Resources */,
			);
			runOnlyForDeploymentPostprocessing = 0;
		};
/* End PBXResourcesBuildPhase section */

/* Begin PBXShellScriptBuildPhase section */
		7E5833CF7CA6EDF0091FC54F /* [CP] Check Pods Manifest.lock */ = {
			isa = PBXShellScriptBuildPhase;
			buildActionMask = 2147483647;
			files = (
			);
			inputPaths = (
				"${PODS_PODFILE_DIR_PATH}/Podfile.lock",
				"${PODS_ROOT}/Manifest.lock",
			);
			name = "[CP] Check Pods Manifest.lock";
			outputPaths = (
				"$(DERIVED_FILE_DIR)/Pods-BCPlan-iOS-checkManifestLockResult.txt",
			);
			runOnlyForDeploymentPostprocessing = 0;
			shellPath = /bin/sh;
			shellScript = "diff \"${PODS_PODFILE_DIR_PATH}/Podfile.lock\" \"${PODS_ROOT}/Manifest.lock\" > /dev/null\nif [ $? != 0 ] ; then\n    # print error to STDERR\n    echo \"error: The sandbox is not in sync with the Podfile.lock. Run 'pod install' or update your CocoaPods installation.\" >&2\n    exit 1\nfi\n# This output is used by Xcode 'outputs' to avoid re-running this script phase.\necho \"SUCCESS\" > \"${SCRIPT_OUTPUT_FILE_0}\"\n";
			showEnvVarsInLog = 0;
		};
		9410CA4CB05626E910B24171 /* [CP] Embed Pods Frameworks */ = {
			isa = PBXShellScriptBuildPhase;
			buildActionMask = 2147483647;
			files = (
			);
			inputPaths = (
				"${SRCROOT}/Pods/Target Support Files/Pods-BCPlan-iOS/Pods-BCPlan-iOS-frameworks.sh",
				"${BUILT_PRODUCTS_DIR}/Alamofire/Alamofire.framework",
			);
			name = "[CP] Embed Pods Frameworks";
			outputPaths = (
				"${TARGET_BUILD_DIR}/${FRAMEWORKS_FOLDER_PATH}/Alamofire.framework",
			);
			runOnlyForDeploymentPostprocessing = 0;
			shellPath = /bin/sh;
			shellScript = "\"${SRCROOT}/Pods/Target Support Files/Pods-BCPlan-iOS/Pods-BCPlan-iOS-frameworks.sh\"\n";
			showEnvVarsInLog = 0;
		};
		994D002EEBB4272262B68FB0 /* [CP] Copy Pods Resources */ = {
			isa = PBXShellScriptBuildPhase;
			buildActionMask = 2147483647;
			files = (
			);
			inputPaths = (
			);
			name = "[CP] Copy Pods Resources";
			outputPaths = (
			);
			runOnlyForDeploymentPostprocessing = 0;
			shellPath = /bin/sh;
			shellScript = "\"${SRCROOT}/Pods/Target Support Files/Pods-BCPlan-iOS/Pods-BCPlan-iOS-resources.sh\"\n";
			showEnvVarsInLog = 0;
		};
/* End PBXShellScriptBuildPhase section */

/* Begin PBXSourcesBuildPhase section */
		39B74CBB1FCE4E810037D263 /* Sources */ = {
			isa = PBXSourcesBuildPhase;
			buildActionMask = 2147483647;
			files = (
				39B74CC51FCE4E810037D263 /* ViewController.swift in Sources */,
				39B74CD51FCE505B0037D263 /* AlamofireHelper.swift in Sources */,
				39B74CD71FCE50AA0037D263 /* API.swift in Sources */,
				39B74CC31FCE4E810037D263 /* AppDelegate.swift in Sources */,
			);
			runOnlyForDeploymentPostprocessing = 0;
		};
/* End PBXSourcesBuildPhase section */

/* Begin PBXVariantGroup section */
		39B74CC61FCE4E810037D263 /* Main.storyboard */ = {
			isa = PBXVariantGroup;
			children = (
				39B74CC71FCE4E810037D263 /* Base */,
			);
			name = Main.storyboard;
			sourceTree = "<group>";
		};
		39B74CCB1FCE4E810037D263 /* LaunchScreen.storyboard */ = {
			isa = PBXVariantGroup;
			children = (
				39B74CCC1FCE4E810037D263 /* Base */,
			);
			name = LaunchScreen.storyboard;
			sourceTree = "<group>";
		};
/* End PBXVariantGroup section */

/* Begin XCBuildConfiguration section */
		39B74CCF1FCE4E810037D263 /* Debug */ = {
			isa = XCBuildConfiguration;
			buildSettings = {
				ALWAYS_SEARCH_USER_PATHS = NO;
				CLANG_ANALYZER_NONNULL = YES;
				CLANG_ANALYZER_NUMBER_OBJECT_CONVERSION = YES_AGGRESSIVE;
				CLANG_CXX_LANGUAGE_STANDARD = "gnu++14";
				CLANG_CXX_LIBRARY = "libc++";
				CLANG_ENABLE_MODULES = YES;
				CLANG_ENABLE_OBJC_ARC = YES;
				CLANG_WARN_BLOCK_CAPTURE_AUTORELEASING = YES;
				CLANG_WARN_BOOL_CONVERSION = YES;
				CLANG_WARN_COMMA = YES;
				CLANG_WARN_CONSTANT_CONVERSION = YES;
				CLANG_WARN_DIRECT_OBJC_ISA_USAGE = YES_ERROR;
				CLANG_WARN_DOCUMENTATION_COMMENTS = YES;
				CLANG_WARN_EMPTY_BODY = YES;
				CLANG_WARN_ENUM_CONVERSION = YES;
				CLANG_WARN_INFINITE_RECURSION = YES;
				CLANG_WARN_INT_CONVERSION = YES;
				CLANG_WARN_NON_LITERAL_NULL_CONVERSION = YES;
				CLANG_WARN_OBJC_LITERAL_CONVERSION = YES;
				CLANG_WARN_OBJC_ROOT_CLASS = YES_ERROR;
				CLANG_WARN_RANGE_LOOP_ANALYSIS = YES;
				CLANG_WARN_STRICT_PROTOTYPES = YES;
				CLANG_WARN_SUSPICIOUS_MOVE = YES;
				CLANG_WARN_UNGUARDED_AVAILABILITY = YES_AGGRESSIVE;
				CLANG_WARN_UNREACHABLE_CODE = YES;
				CLANG_WARN__DUPLICATE_METHOD_MATCH = YES;
				CODE_SIGN_IDENTITY = "iPhone Developer";
				COPY_PHASE_STRIP = NO;
				DEBUG_INFORMATION_FORMAT = dwarf;
				ENABLE_STRICT_OBJC_MSGSEND = YES;
				ENABLE_TESTABILITY = YES;
				GCC_C_LANGUAGE_STANDARD = gnu11;
				GCC_DYNAMIC_NO_PIC = NO;
				GCC_NO_COMMON_BLOCKS = YES;
				GCC_OPTIMIZATION_LEVEL = 0;
				GCC_PREPROCESSOR_DEFINITIONS = (
					"DEBUG=1",
					"$(inherited)",
				);
				GCC_WARN_64_TO_32_BIT_CONVERSION = YES;
				GCC_WARN_ABOUT_RETURN_TYPE = YES_ERROR;
				GCC_WARN_UNDECLARED_SELECTOR = YES;
				GCC_WARN_UNINITIALIZED_AUTOS = YES_AGGRESSIVE;
				GCC_WARN_UNUSED_FUNCTION = YES;
				GCC_WARN_UNUSED_VARIABLE = YES;
				IPHONEOS_DEPLOYMENT_TARGET = 11.1;
				MTL_ENABLE_DEBUG_INFO = YES;
				ONLY_ACTIVE_ARCH = YES;
				SDKROOT = iphoneos;
				SWIFT_ACTIVE_COMPILATION_CONDITIONS = DEBUG;
				SWIFT_OPTIMIZATION_LEVEL = "-Onone";
			};
			name = Debug;
		};
		39B74CD01FCE4E810037D263 /* Release */ = {
			isa = XCBuildConfiguration;
			buildSettings = {
				ALWAYS_SEARCH_USER_PATHS = NO;
				CLANG_ANALYZER_NONNULL = YES;
				CLANG_ANALYZER_NUMBER_OBJECT_CONVERSION = YES_AGGRESSIVE;
				CLANG_CXX_LANGUAGE_STANDARD = "gnu++14";
				CLANG_CXX_LIBRARY = "libc++";
				CLANG_ENABLE_MODULES = YES;
				CLANG_ENABLE_OBJC_ARC = YES;
				CLANG_WARN_BLOCK_CAPTURE_AUTORELEASING = YES;
				CLANG_WARN_BOOL_CONVERSION = YES;
				CLANG_WARN_COMMA = YES;
				CLANG_WARN_CONSTANT_CONVERSION = YES;
				CLANG_WARN_DIRECT_OBJC_ISA_USAGE = YES_ERROR;
				CLANG_WARN_DOCUMENTATION_COMMENTS = YES;
				CLANG_WARN_EMPTY_BODY = YES;
				CLANG_WARN_ENUM_CONVERSION = YES;
				CLANG_WARN_INFINITE_RECURSION = YES;
				CLANG_WARN_INT_CONVERSION = YES;
				CLANG_WARN_NON_LITERAL_NULL_CONVERSION = YES;
				CLANG_WARN_OBJC_LITERAL_CONVERSION = YES;
				CLANG_WARN_OBJC_ROOT_CLASS = YES_ERROR;
				CLANG_WARN_RANGE_LOOP_ANALYSIS = YES;
				CLANG_WARN_STRICT_PROTOTYPES = YES;
				CLANG_WARN_SUSPICIOUS_MOVE = YES;
				CLANG_WARN_UNGUARDED_AVAILABILITY = YES_AGGRESSIVE;
				CLANG_WARN_UNREACHABLE_CODE = YES;
				CLANG_WARN__DUPLICATE_METHOD_MATCH = YES;
				CODE_SIGN_IDENTITY = "iPhone Developer";
				COPY_PHASE_STRIP = NO;
				DEBUG_INFORMATION_FORMAT = "dwarf-with-dsym";
				ENABLE_NS_ASSERTIONS = NO;
				ENABLE_STRICT_OBJC_MSGSEND = YES;
				GCC_C_LANGUAGE_STANDARD = gnu11;
				GCC_NO_COMMON_BLOCKS = YES;
				GCC_WARN_64_TO_32_BIT_CONVERSION = YES;
				GCC_WARN_ABOUT_RETURN_TYPE = YES_ERROR;
				GCC_WARN_UNDECLARED_SELECTOR = YES;
				GCC_WARN_UNINITIALIZED_AUTOS = YES_AGGRESSIVE;
				GCC_WARN_UNUSED_FUNCTION = YES;
				GCC_WARN_UNUSED_VARIABLE = YES;
				IPHONEOS_DEPLOYMENT_TARGET = 11.1;
				MTL_ENABLE_DEBUG_INFO = NO;
				SDKROOT = iphoneos;
				SWIFT_OPTIMIZATION_LEVEL = "-Owholemodule";
				VALIDATE_PRODUCT = YES;
			};
			name = Release;
		};
		39B74CD21FCE4E810037D263 /* Debug */ = {
			isa = XCBuildConfiguration;
			baseConfigurationReference = 6FDF4A454B1C74CB174620DC /* Pods-BCPlan-iOS.debug.xcconfig */;
			buildSettings = {
				ASSETCATALOG_COMPILER_APPICON_NAME = AppIcon;
				CODE_SIGN_STYLE = Automatic;
				DEVELOPMENT_TEAM = BET84ZKY59;
				INFOPLIST_FILE = "BCPlan-iOS/Info.plist";
				LD_RUNPATH_SEARCH_PATHS = "$(inherited) @executable_path/Frameworks";
				PRODUCT_BUNDLE_IDENTIFIER = "com.162llc.BCPlan-iOS";
				PRODUCT_NAME = "$(TARGET_NAME)";
				SWIFT_VERSION = 4.0;
				TARGETED_DEVICE_FAMILY = "1,2";
			};
			name = Debug;
		};
		39B74CD31FCE4E810037D263 /* Release */ = {
			isa = XCBuildConfiguration;
			baseConfigurationReference = 248D276D9B3C8FD491EC4B6E /* Pods-BCPlan-iOS.release.xcconfig */;
			buildSettings = {
				ASSETCATALOG_COMPILER_APPICON_NAME = AppIcon;
				CODE_SIGN_STYLE = Automatic;
				DEVELOPMENT_TEAM = BET84ZKY59;
				INFOPLIST_FILE = "BCPlan-iOS/Info.plist";
				LD_RUNPATH_SEARCH_PATHS = "$(inherited) @executable_path/Frameworks";
				PRODUCT_BUNDLE_IDENTIFIER = "com.162llc.BCPlan-iOS";
				PRODUCT_NAME = "$(TARGET_NAME)";
				SWIFT_VERSION = 4.0;
				TARGETED_DEVICE_FAMILY = "1,2";
			};
			name = Release;
		};
/* End XCBuildConfiguration section */

/* Begin XCConfigurationList section */
		39B74CBA1FCE4E810037D263 /* Build configuration list for PBXProject "BCPlan-iOS" */ = {
			isa = XCConfigurationList;
			buildConfigurations = (
				39B74CCF1FCE4E810037D263 /* Debug */,
				39B74CD01FCE4E810037D263 /* Release */,
			);
			defaultConfigurationIsVisible = 0;
			defaultConfigurationName = Release;
		};
		39B74CD11FCE4E810037D263 /* Build configuration list for PBXNativeTarget "BCPlan-iOS" */ = {
			isa = XCConfigurationList;
			buildConfigurations = (
				39B74CD21FCE4E810037D263 /* Debug */,
				39B74CD31FCE4E810037D263 /* Release */,
			);
			defaultConfigurationIsVisible = 0;
			defaultConfigurationName = Release;
		};
/* End XCConfigurationList section */
	};
	rootObject = 39B74CB71FCE4E810037D263 /* Project object */;
}
